{
    "_meta": {
        "hash": {
            "sha256": "e365201c60e6770681d9dd93dcfff6bba303d27c64cd54b8d6215e57b662e517"
        },
        "pipfile-spec": 6,
        "requires": {
            "python_version": "3.11"
        },
        "sources": [
            {
                "name": "pypi",
                "url": "https://pypi.org/simple",
                "verify_ssl": true
            }
        ]
    },
    "default": {
        "altgraph": {
            "hashes": [
                "sha256:ad33358114df7c9416cdb8fa1eaa5852166c505118717021c6a8c7c7abbd03dd",
                "sha256:c8ac1ca6772207179ed8003ce7687757c04b0b71536f81e2ac5755c6226458fe"
            ],
            "version": "==0.17.3"
        },
        "certifi": {
            "hashes": [
                "sha256:539cc1d13202e33ca466e88b2807e29f4c13049d6d87031a3c110744495cb082",
                "sha256:92d6037539857d8206b8f6ae472e8b77db8058fec5937a1ef3f54304089edbb9"
            ],
            "markers": "python_version >= '3.6'",
            "version": "==2023.7.22"
        },
        "charset-normalizer": {
            "hashes": [
                "sha256:04e57ab9fbf9607b77f7d057974694b4f6b142da9ed4a199859d9d4d5c63fe96",
                "sha256:09393e1b2a9461950b1c9a45d5fd251dc7c6f228acab64da1c9c0165d9c7765c",
                "sha256:0b87549028f680ca955556e3bd57013ab47474c3124dc069faa0b6545b6c9710",
                "sha256:1000fba1057b92a65daec275aec30586c3de2401ccdcd41f8a5c1e2c87078706",
                "sha256:1249cbbf3d3b04902ff081ffbb33ce3377fa6e4c7356f759f3cd076cc138d020",
                "sha256:1920d4ff15ce893210c1f0c0e9d19bfbecb7983c76b33f046c13a8ffbd570252",
                "sha256:193cbc708ea3aca45e7221ae58f0fd63f933753a9bfb498a3b474878f12caaad",
                "sha256:1a100c6d595a7f316f1b6f01d20815d916e75ff98c27a01ae817439ea7726329",
                "sha256:1f30b48dd7fa1474554b0b0f3fdfdd4c13b5c737a3c6284d3cdc424ec0ffff3a",
                "sha256:203f0c8871d5a7987be20c72442488a0b8cfd0f43b7973771640fc593f56321f",
                "sha256:246de67b99b6851627d945db38147d1b209a899311b1305dd84916f2b88526c6",
                "sha256:2dee8e57f052ef5353cf608e0b4c871aee320dd1b87d351c28764fc0ca55f9f4",
                "sha256:2efb1bd13885392adfda4614c33d3b68dee4921fd0ac1d3988f8cbb7d589e72a",
                "sha256:2f4ac36d8e2b4cc1aa71df3dd84ff8efbe3bfb97ac41242fbcfc053c67434f46",
                "sha256:3170c9399da12c9dc66366e9d14da8bf7147e1e9d9ea566067bbce7bb74bd9c2",
                "sha256:3b1613dd5aee995ec6d4c69f00378bbd07614702a315a2cf6c1d21461fe17c23",
                "sha256:3bb3d25a8e6c0aedd251753a79ae98a093c7e7b471faa3aa9a93a81431987ace",
                "sha256:3bb7fda7260735efe66d5107fb7e6af6a7c04c7fce9b2514e04b7a74b06bf5dd",
                "sha256:41b25eaa7d15909cf3ac4c96088c1f266a9a93ec44f87f1d13d4a0e86c81b982",
                "sha256:45de3f87179c1823e6d9e32156fb14c1927fcc9aba21433f088fdfb555b77c10",
                "sha256:46fb8c61d794b78ec7134a715a3e564aafc8f6b5e338417cb19fe9f57a5a9bf2",
                "sha256:48021783bdf96e3d6de03a6e39a1171ed5bd7e8bb93fc84cc649d11490f87cea",
                "sha256:4957669ef390f0e6719db3613ab3a7631e68424604a7b448f079bee145da6e09",
                "sha256:5e86d77b090dbddbe78867a0275cb4df08ea195e660f1f7f13435a4649e954e5",
                "sha256:6339d047dab2780cc6220f46306628e04d9750f02f983ddb37439ca47ced7149",
                "sha256:681eb3d7e02e3c3655d1b16059fbfb605ac464c834a0c629048a30fad2b27489",
                "sha256:6c409c0deba34f147f77efaa67b8e4bb83d2f11c8806405f76397ae5b8c0d1c9",
                "sha256:7095f6fbfaa55defb6b733cfeb14efaae7a29f0b59d8cf213be4e7ca0b857b80",
                "sha256:70c610f6cbe4b9fce272c407dd9d07e33e6bf7b4aa1b7ffb6f6ded8e634e3592",
                "sha256:72814c01533f51d68702802d74f77ea026b5ec52793c791e2da806a3844a46c3",
                "sha256:7a4826ad2bd6b07ca615c74ab91f32f6c96d08f6fcc3902ceeedaec8cdc3bcd6",
                "sha256:7c70087bfee18a42b4040bb9ec1ca15a08242cf5867c58726530bdf3945672ed",
                "sha256:855eafa5d5a2034b4621c74925d89c5efef61418570e5ef9b37717d9c796419c",
                "sha256:8700f06d0ce6f128de3ccdbc1acaea1ee264d2caa9ca05daaf492fde7c2a7200",
                "sha256:89f1b185a01fe560bc8ae5f619e924407efca2191b56ce749ec84982fc59a32a",
                "sha256:8b2c760cfc7042b27ebdb4a43a4453bd829a5742503599144d54a032c5dc7e9e",
                "sha256:8c2f5e83493748286002f9369f3e6607c565a6a90425a3a1fef5ae32a36d749d",
                "sha256:8e098148dd37b4ce3baca71fb394c81dc5d9c7728c95df695d2dca218edf40e6",
                "sha256:94aea8eff76ee6d1cdacb07dd2123a68283cb5569e0250feab1240058f53b623",
                "sha256:95eb302ff792e12aba9a8b8f8474ab229a83c103d74a750ec0bd1c1eea32e669",
                "sha256:9bd9b3b31adcb054116447ea22caa61a285d92e94d710aa5ec97992ff5eb7cf3",
                "sha256:9e608aafdb55eb9f255034709e20d5a83b6d60c054df0802fa9c9883d0a937aa",
                "sha256:a103b3a7069b62f5d4890ae1b8f0597618f628b286b03d4bc9195230b154bfa9",
                "sha256:a386ebe437176aab38c041de1260cd3ea459c6ce5263594399880bbc398225b2",
                "sha256:a38856a971c602f98472050165cea2cdc97709240373041b69030be15047691f",
                "sha256:a401b4598e5d3f4a9a811f3daf42ee2291790c7f9d74b18d75d6e21dda98a1a1",
                "sha256:a7647ebdfb9682b7bb97e2a5e7cb6ae735b1c25008a70b906aecca294ee96cf4",
                "sha256:aaf63899c94de41fe3cf934601b0f7ccb6b428c6e4eeb80da72c58eab077b19a",
                "sha256:b0dac0ff919ba34d4df1b6131f59ce95b08b9065233446be7e459f95554c0dc8",
                "sha256:baacc6aee0b2ef6f3d308e197b5d7a81c0e70b06beae1f1fcacffdbd124fe0e3",
                "sha256:bf420121d4c8dce6b889f0e8e4ec0ca34b7f40186203f06a946fa0276ba54029",
                "sha256:c04a46716adde8d927adb9457bbe39cf473e1e2c2f5d0a16ceb837e5d841ad4f",
                "sha256:c0b21078a4b56965e2b12f247467b234734491897e99c1d51cee628da9786959",
                "sha256:c1c76a1743432b4b60ab3358c937a3fe1341c828ae6194108a94c69028247f22",
                "sha256:c4983bf937209c57240cff65906b18bb35e64ae872da6a0db937d7b4af845dd7",
                "sha256:c4fb39a81950ec280984b3a44f5bd12819953dc5fa3a7e6fa7a80db5ee853952",
                "sha256:c57921cda3a80d0f2b8aec7e25c8aa14479ea92b5b51b6876d975d925a2ea346",
                "sha256:c8063cf17b19661471ecbdb3df1c84f24ad2e389e326ccaf89e3fb2484d8dd7e",
                "sha256:ccd16eb18a849fd8dcb23e23380e2f0a354e8daa0c984b8a732d9cfaba3a776d",
                "sha256:cd6dbe0238f7743d0efe563ab46294f54f9bc8f4b9bcf57c3c666cc5bc9d1299",
                "sha256:d62e51710986674142526ab9f78663ca2b0726066ae26b78b22e0f5e571238dd",
                "sha256:db901e2ac34c931d73054d9797383d0f8009991e723dab15109740a63e7f902a",
                "sha256:e03b8895a6990c9ab2cdcd0f2fe44088ca1c65ae592b8f795c3294af00a461c3",
                "sha256:e1c8a2f4c69e08e89632defbfabec2feb8a8d99edc9f89ce33c4b9e36ab63037",
                "sha256:e4b749b9cc6ee664a3300bb3a273c1ca8068c46be705b6c31cf5d276f8628a94",
                "sha256:e6a5bf2cba5ae1bb80b154ed68a3cfa2fa00fde979a7f50d6598d3e17d9ac20c",
                "sha256:e857a2232ba53ae940d3456f7533ce6ca98b81917d47adc3c7fd55dad8fab858",
                "sha256:ee4006268ed33370957f55bf2e6f4d263eaf4dc3cfc473d1d90baff6ed36ce4a",
                "sha256:eef9df1eefada2c09a5e7a40991b9fc6ac6ef20b1372abd48d2794a316dc0449",
                "sha256:f058f6963fd82eb143c692cecdc89e075fa0828db2e5b291070485390b2f1c9c",
                "sha256:f25c229a6ba38a35ae6e25ca1264621cc25d4d38dca2942a7fce0b67a4efe918",
                "sha256:f2a1d0fd4242bd8643ce6f98927cf9c04540af6efa92323e9d3124f57727bfc1",
                "sha256:f7560358a6811e52e9c4d142d497f1a6e10103d3a6881f18d04dbce3729c0e2c",
                "sha256:f779d3ad205f108d14e99bb3859aa7dd8e9c68874617c72354d7ecaec2a054ac",
                "sha256:f87f746ee241d30d6ed93969de31e5ffd09a2961a051e60ae6bddde9ec3583aa"
            ],
            "markers": "python_full_version >= '3.7.0'",
            "version": "==3.2.0"
        },
        "colorama": {
            "hashes": [
                "sha256:08695f5cb7ed6e0531a20572697297273c47b8cae5a63ffc6d6ed5c201be6e44",
                "sha256:4f1d9991f5acc0ca119f9d443620b77f9d6b33703e51011c16baf57afb285fc6"
            ],
            "markers": "sys_platform == 'win32'",
            "version": "==0.4.6"
        },
        "decorator": {
            "hashes": [
                "sha256:637996211036b6385ef91435e4fae22989472f9d571faba8927ba8253acbc330",
                "sha256:b8c3f85900b9dc423225913c5aace94729fe1fa9763b38939a95226f02d37186"
            ],
            "markers": "python_version >= '3.5'",
            "version": "==5.1.1"
        },
        "grpcio": {
            "hashes": [
                "sha256:00258cbe3f5188629828363ae8ff78477ce976a6f63fb2bb5e90088396faa82e",
                "sha256:092fa155b945015754bdf988be47793c377b52b88d546e45c6a9f9579ac7f7b6",
                "sha256:0f80bf37f09e1caba6a8063e56e2b87fa335add314cf2b78ebf7cb45aa7e3d06",
                "sha256:20ec6fc4ad47d1b6e12deec5045ec3cd5402d9a1597f738263e98f490fe07056",
                "sha256:2313b124e475aa9017a9844bdc5eafb2d5abdda9d456af16fc4535408c7d6da6",
                "sha256:23e7d8849a0e58b806253fd206ac105b328171e01b8f18c7d5922274958cc87e",
                "sha256:2f708a6a17868ad8bf586598bee69abded4996b18adf26fd2d91191383b79019",
                "sha256:2f7349786da979a94690cc5c2b804cab4e8774a3cf59be40d037c4342c906649",
                "sha256:34950353539e7d93f61c6796a007c705d663f3be41166358e3d88c45760c7d98",
                "sha256:40b72effd4c789de94ce1be2b5f88d7b9b5f7379fe9645f198854112a6567d9a",
                "sha256:4b089f7ad1eb00a104078bab8015b0ed0ebcb3b589e527ab009c53893fd4e613",
                "sha256:4faea2cfdf762a664ab90589b66f416274887641ae17817de510b8178356bf73",
                "sha256:5371bcd861e679d63b8274f73ac281751d34bd54eccdbfcd6aa00e692a82cd7b",
                "sha256:5613a2fecc82f95d6c51d15b9a72705553aa0d7c932fad7aed7afb51dc982ee5",
                "sha256:57b183e8b252825c4dd29114d6c13559be95387aafc10a7be645462a0fc98bbb",
                "sha256:5b7a4ce8f862fe32b2a10b57752cf3169f5fe2915acfe7e6a1e155db3da99e79",
                "sha256:5e5b58e32ae14658085c16986d11e99abd002ddbf51c8daae8a0671fffb3467f",
                "sha256:60fe15288a0a65d5c1cb5b4a62b1850d07336e3ba728257a810317be14f0c527",
                "sha256:6907b1cf8bb29b058081d2aad677b15757a44ef2d4d8d9130271d2ad5e33efca",
                "sha256:76c44efa4ede1f42a9d5b2fed1fe9377e73a109bef8675fb0728eb80b0b8e8f2",
                "sha256:7a635589201b18510ff988161b7b573f50c6a48fae9cb567657920ca82022b37",
                "sha256:7b400807fa749a9eb286e2cd893e501b110b4d356a218426cb9c825a0474ca56",
                "sha256:82640e57fb86ea1d71ea9ab54f7e942502cf98a429a200b2e743d8672171734f",
                "sha256:871f9999e0211f9551f368612460442a5436d9444606184652117d6a688c9f51",
                "sha256:9338bacf172e942e62e5889b6364e56657fbf8ac68062e8b25c48843e7b202bb",
                "sha256:a8a8e560e8dbbdf29288872e91efd22af71e88b0e5736b0daf7773c1fecd99f0",
                "sha256:aed90d93b731929e742967e236f842a4a2174dc5db077c8f9ad2c5996f89f63e",
                "sha256:b363bbb5253e5f9c23d8a0a034dfdf1b7c9e7f12e602fc788c435171e96daccc",
                "sha256:b4098b6b638d9e0ca839a81656a2fd4bc26c9486ea707e8b1437d6f9d61c3941",
                "sha256:b53333627283e7241fcc217323f225c37783b5f0472316edcaa4479a213abfa6",
                "sha256:b670c2faa92124b7397b42303e4d8eb64a4cd0b7a77e35a9e865a55d61c57ef9",
                "sha256:bb396952cfa7ad2f01061fbc7dc1ad91dd9d69243bcb8110cf4e36924785a0fe",
                "sha256:c60b83c43faeb6d0a9831f0351d7787a0753f5087cc6fa218d78fdf38e5acef0",
                "sha256:c6ebecfb7a31385393203eb04ed8b6a08f5002f53df3d59e5e795edb80999652",
                "sha256:d78d8b86fcdfa1e4c21f8896614b6cc7ee01a2a758ec0c4382d662f2a62cf766",
                "sha256:d7f8df114d6b4cf5a916b98389aeaf1e3132035420a88beea4e3d977e5f267a5",
                "sha256:e1cb52fa2d67d7f7fab310b600f22ce1ff04d562d46e9e0ac3e3403c2bb4cc16",
                "sha256:e3fdf04e402f12e1de8074458549337febb3b45f21076cc02ef4ff786aff687e",
                "sha256:e503cb45ed12b924b5b988ba9576dc9949b2f5283b8e33b21dcb6be74a7c58d0",
                "sha256:f19ac6ac0a256cf77d3cc926ef0b4e64a9725cc612f97228cd5dc4bd9dbab03b",
                "sha256:f1fb0fd4a1e9b11ac21c30c169d169ef434c6e9344ee0ab27cfa6f605f6387b2",
                "sha256:fada6b07ec4f0befe05218181f4b85176f11d531911b64c715d1875c4736d73a",
                "sha256:fd173b4cf02b20f60860dc2ffe30115c18972d7d6d2d69df97ac38dee03be5bf",
                "sha256:fe752639919aad9ffb0dee0d87f29a6467d1ef764f13c4644d212a9a853a078d",
                "sha256:fee387d2fab144e8a34e0e9c5ca0f45c9376b99de45628265cfa9886b1dbe62b"
            ],
            "index": "pypi",
            "version": "==1.57.0"
        },
        "grpcio-tools": {
            "hashes": [
                "sha256:02d78c034109f46032c7217260066d49d41e6bcaf588fa28fa40fe2f83445347",
                "sha256:0cf5fc0a1c23f8ea34b408b72fb0e90eec0f404ad4dba98e8f6da3c9ce34e2ed",
                "sha256:1c0e8a1a32973a5d59fbcc19232f925e5c48116e9411f788033a31c5ca5130b4",
                "sha256:1f9e917a9f18087f6c14b4d4508fb94fca5c2f96852363a89232fb9b2124ac1f",
                "sha256:26e69d08a515554e0cfe1ec4d31568836f4b17f0ff82294f957f629388629eb9",
                "sha256:2b417c97936d94874a3ce7ed8deab910f2233e3612134507cfee4af8735c38a6",
                "sha256:2db25f15ed44327f2e02d0c4fe741ac966f9500e407047d8a7c7fccf2df65616",
                "sha256:2f16130d869ce27ecd623194547b649dd657333ec7e8644cc571c645781a9b85",
                "sha256:34b36217b17b5bea674a414229913e1fd80ede328be51e1b531fcc62abd393b0",
                "sha256:35bf0dad8a3562043345236c26d0053a856fb06c04d7da652f2ded914e508ae7",
                "sha256:495e2946406963e0b9f063f76d5af0f2a19517dac2b367b5b044432ac9194296",
                "sha256:4a7ad7f328e28fc97c356d0f10fb10d8b5151bb65aa7cf14bf8084513f0b7306",
                "sha256:4fb8a8468031f858381a576078924af364a08833d8f8f3237018252c4573a802",
                "sha256:5bc3e6d338aefb052e19cedabe00452be46d0c10a4ed29ee77abb00402e438fe",
                "sha256:6fa52972c9647876ea35f6dc2b51002a74ed900ec7894586cbb2fe76f64f99de",
                "sha256:76c0eea89d7542719594e50e2283f51a072978b953e8b3e9fd7c59a2c762d4c1",
                "sha256:784574709b9690dc28696617ea69352e2132352fdfc9bc89afa8e39f99ae538e",
                "sha256:7b46fc6aa8eb7edd18cafcd21fd98703cb6c09e46b507de335fca7f0161dfccb",
                "sha256:81ec4dbb696e095057b2528d11a8da04be6bbe2b967fa07d4ea9ba6354338cbf",
                "sha256:850cbda0ec5d24c39e7215ede410276040692ca45d105fbbeada407fa03f0ac0",
                "sha256:85ac4e62eb44428cde025fd9ab7554002315fc7880f791c553fc5a0015cc9931",
                "sha256:8a42dc220eb5305f470855c9284f4c8e85ae59d6d742cd07946b0cbe5e9ca186",
                "sha256:9053c2f655589545be08b9d6a673e92970173a4bf11a4b9f18cd6e9af626b587",
                "sha256:90d10d9038ba46a595a223a34f136c9230e3d6d7abc2433dbf0e1c31939d3a8b",
                "sha256:9867f2817b1a0c93c523f89ac6c9d8625548af4620a7ce438bf5a76e23327284",
                "sha256:9a3d60fb8d46ede26c1907c146561b3a9caa20a7aff961bc661ef8226f85a2e9",
                "sha256:9f2aefa8a37bd2c4db1a3f1aca11377e2766214520fb70e67071f4ff8d8b0fa5",
                "sha256:a0256f8786ac9e4db618a1aa492bb3472569a0946fd3ee862ffe23196323da55",
                "sha256:aac98ecad8f7bd4301855669d42a5d97ef7bb34bec2b1e74c7a0641d47e313cf",
                "sha256:c026bdf5c1366ce88b7bbe2d8207374d675afd3fd911f60752103de3da4a41d2",
                "sha256:c39a3656576b6fdaaf28abe0467f7a7231df4230c1bee132322dbc3209419e7f",
                "sha256:cdd020cb68b51462983b7c2dfbc3eb6ede032b8bf438d4554df0c3f08ce35c76",
                "sha256:d2a134756f4db34759a5cc7f7e43f7eb87540b68d1cca62925593c6fb93924f7",
                "sha256:dbde4004a0688400036342ff73e3706e8940483e2871547b1354d59e93a38277",
                "sha256:dc771d4db5701f280957bbcee91745e0686d00ed1c6aa7e05ba30a58b02d70a1",
                "sha256:dfb6f6120587b8e228a3cae5ee4985b5bdc18501bad05c49df61965dfc9d70a9",
                "sha256:e868cd6feb3ef07d4b35be104fe1fd0657db05259ff8f8ec5e08f4f89ca1191d",
                "sha256:ec9aab2fb6783c7fc54bc28f58eb75f1ca77594e6b0fd5e5e7a8114a95169fe0",
                "sha256:ed85a0291fff45b67f2557fe7f117d3bc7af8b54b8619d27bf374b5c8b7e3ca2",
                "sha256:f3ac06703c412f8167a9062eaf6099409967e33bf98fa5b02be4b4689b6bdf39",
                "sha256:f3da5240211252fc70a6451fe00c143e2ab2f7bfc2445695ad2ed056b8e48d96",
                "sha256:f54081b08419a39221cd646363b5708857c696b3ad4784f1dcf310891e33a5f7",
                "sha256:f64f8ab22d27d4a5693310748d35a696061c3b5c7b8c4fb4ab3b4bc1068b6b56",
                "sha256:f717cce5093e6b6049d9ea6d12fdf3658efdb1a80772f7737db1f8510b876df6",
                "sha256:fb81ff861692111fa81bd85f64584e624cb4013bd66fbce8a209b8893f5ce398"
            ],
            "index": "pypi",
            "version": "==1.57.0"
        },
        "idna": {
            "hashes": [
                "sha256:814f528e8dead7d329833b91c5faa87d60bf71824cd12a7530b5526063d02cb4",
                "sha256:90b77e79eaa3eba6de819a0c442c0b4ceefc341a7a2ab77d7562bf49f425c5c2"
            ],
            "markers": "python_version >= '3.5'",
            "version": "==3.4"
        },
        "loguru": {
            "hashes": [
                "sha256:1612053ced6ae84d7959dd7d5e431a0532642237ec21f7fd83ac73fe539e03e1",
                "sha256:b93aa30099fa6860d4727f1b81f8718e965bb96253fa190fab2077aaad6d15d3"
            ],
            "index": "pypi",
            "version": "==0.7.0"
        },
        "pefile": {
            "hashes": [
                "sha256:82e6114004b3d6911c77c3953e3838654b04511b8b66e8583db70c65998017dc",
                "sha256:da185cd2af68c08a6cd4481f7325ed600a88f6a813bad9dea07ab3ef73d8d8d6"
            ],
            "markers": "sys_platform == 'win32'",
            "version": "==2023.2.7"
        },
        "plyer": {
            "hashes": [
                "sha256:1b1772060df8b3045ed4f08231690ec8f7de30f5a004aa1724665a9074eed113",
                "sha256:65b7dfb7e11e07af37a8487eb2aa69524276ef70dad500b07228ce64736baa61"
            ],
            "index": "pypi",
            "version": "==2.1.0"
        },
        "protobuf": {
            "hashes": [
                "sha256:44825e963008f8ea0d26c51911c30d3e82e122997c3c4568fd0385dd7bacaedf",
                "sha256:567fe6b0647494845d0849e3d5b260bfdd75692bf452cdc9cb660d12457c055d",
                "sha256:5ab19ee50037d4b663c02218a811a5e1e7bb30940c79aac385b96e7a4f9daa61",
                "sha256:5d0ceb9de6e08311832169e601d1fc71bd8e8c779f3ee38a97a78554945ecb85",
                "sha256:6c817cf4a26334625a1904b38523d1b343ff8b637d75d2c8790189a4064e51c3",
                "sha256:81cb9c4621d2abfe181154354f63af1c41b00a4882fb230b4425cbaed65e8f52",
                "sha256:82e6e9ebdd15b8200e8423676eab38b774624d6a1ad696a60d86a2ac93f18201",
                "sha256:8bb52a2be32db82ddc623aefcedfe1e0eb51da60e18fcc908fb8885c81d72109",
                "sha256:a38400a692fd0c6944c3c58837d112f135eb1ed6cdad5ca6c5763336e74f1a04",
                "sha256:a6b1ca92ccabfd9903c0c7dde8876221dc7d8d87ad5c42e095cc11b15d3569c7",
                "sha256:ae7a1835721086013de193311df858bc12cd247abe4ef9710b715d930b95b33e",
                "sha256:ae97b5de10f25b7a443b40427033e545a32b0e9dda17bcd8330d70033379b3e5",
                "sha256:e8834ef0b4c88666ebb7c7ec18045aa0f4325481d724daa624a4cf9f28134653"
            ],
            "markers": "python_version >= '3.7'",
            "version": "==4.24.0"
        },
        "pyinstaller": {
            "hashes": [
                "sha256:0df43697c4914285ecd333be968d2cd042ab9b2670124879ee87931d2344eaf5",
                "sha256:1fde4381155f21d6354dc450dcaa338cd8a40aaacf6bd22b987b0f3e1f96f3ee",
                "sha256:24009eba63cfdbcde6d2634e9c87f545eb67249ddf3b514e0cd3b2cdaa595828",
                "sha256:28d9742c37e9fb518444b12f8c8ab3cb4ba212d752693c34475c08009aa21ccf",
                "sha256:2d03419904d1c25c8968b0ad21da0e0f33d8d65716e29481b5bd83f7f342b0c5",
                "sha256:3a331951f9744bc2379ea5d65d36f3c828eaefe2785f15039592cdc08560b262",
                "sha256:5e446df41255e815017d96318e39f65a3eb807e74a796c7e7ff7f13b6366a2e9",
                "sha256:78975043edeb628e23a73fb3ef0a273cda50e765f1716f75212ea3e91b09dede",
                "sha256:7fdd319828de679f9c5e381eff998ee9b4164bf4457e7fca56946701cf002c3f",
                "sha256:9fc27c5a853b14a90d39c252707673c7a0efec921cd817169aff3af0fca8c127",
                "sha256:cd7d5c06f2847195a23d72ede17c60857d6f495d6f0727dc6c9bc1235f2eb79c",
                "sha256:e5fb17de6c325d3b2b4ceaeb55130ad7100a79096490e4c5b890224406fa42f4"
            ],
            "index": "pypi",
            "version": "==5.13.0"
        },
        "pyinstaller-hooks-contrib": {
            "hashes": [
                "sha256:596a72009d8692b043e0acbf5e1b476d93149900142ba01845dded91a0770cb5",
                "sha256:aa6d7d038814df6aa7bec7bdbebc7cb4c693d3398df858f6062957f0797d397b"
            ],
            "markers": "python_version >= '3.7'",
            "version": "==2023.6"
        },
        "pyuac": {
            "hashes": [
                "sha256:cf0e1de597388744daa308e4f83019885caa0c646246a7e94713a77652701600",
                "sha256:fd11caf47246e0a5149284ced014c346439ae3a28c6bad0b622b239fe30d2d5b"
            ],
            "index": "pypi",
            "version": "==0.0.3"
        },
        "pywebio": {
            "hashes": [
                "sha256:6177b20b17de821ea580515438ca9dbcdc436a6e1eb17f9c5e357531fb87a855"
            ],
            "index": "pypi",
            "version": "==1.8.2"
        },
        "pywin32": {
            "hashes": [
                "sha256:06d3420a5155ba65f0b72f2699b5bacf3109f36acbe8923765c22938a69dfc8d",
                "sha256:1c73ea9a0d2283d889001998059f5eaaba3b6238f767c9cf2833b13e6a685f65",
                "sha256:37257794c1ad39ee9be652da0462dc2e394c8159dfd913a8a4e8eb6fd346da0e",
                "sha256:383229d515657f4e3ed1343da8be101000562bf514591ff383ae940cad65458b",
                "sha256:39b61c15272833b5c329a2989999dcae836b1eed650252ab1b7bfbe1d59f30f4",
                "sha256:5821ec52f6d321aa59e2db7e0a35b997de60c201943557d108af9d4ae1ec7040",
                "sha256:70dba0c913d19f942a2db25217d9a1b726c278f483a919f1abfed79c9cf64d3a",
                "sha256:72c5f621542d7bdd4fdb716227be0dd3f8565c11b280be6315b06ace35487d36",
                "sha256:84f4471dbca1887ea3803d8848a1616429ac94a4a8d05f4bc9c5dcfd42ca99c8",
                "sha256:a7639f51c184c0272e93f244eb24dafca9b1855707d94c192d4a0b4c01e1100e",
                "sha256:e25fd5b485b55ac9c057f67d94bc203f3f6595078d1fb3b458c9c28b7153a802",
                "sha256:e4c092e2589b5cf0d365849e73e02c391c1349958c5ac3e9d5ccb9a28e017b3a",
                "sha256:e65028133d15b64d2ed8f06dd9fbc268352478d4f9289e69c190ecd6818b6407",
                "sha256:e8ac1ae3601bee6ca9f7cb4b5363bf1c0badb935ef243c4733ff9a393b1690c0"
            ],
            "index": "pypi",
            "version": "==306"
        },
        "pywin32-ctypes": {
            "hashes": [
                "sha256:3426e063bdd5fd4df74a14fa3cf80a0b42845a87e1d1e81f6549f9daec593a60",
                "sha256:bf490a1a709baf35d688fe0ecf980ed4de11d2b3e37b51e5442587a75d9957e7"
            ],
            "markers": "sys_platform == 'win32'",
            "version": "==0.2.2"
        },
        "requests": {
            "hashes": [
                "sha256:58cd2187c01e70e6e26505bca751777aa9f2ee0b7f4300988b709f44e013003f",
                "sha256:942c5a758f98d790eaed1a29cb6eefc7ffb0d1cf7af05c3d2791656dbd6ad1e1"
            ],
            "index": "pypi",
            "version": "==2.31.0"
        },
        "setuptools": {
            "hashes": [
                "sha256:d59c97e7b774979a5ccb96388efc9eb65518004537e85d52e81eaee89ab6dd91",
                "sha256:e13e1b0bc760e9b0127eda042845999b2f913e12437046e663b833aa96d89715"
            ],
            "markers": "python_version >= '3.8'",
            "version": "==68.1.0"
        },
        "tee": {
            "hashes": [
                "sha256:16fdbb34b1e89a308094d86d2d497f5fa5ac47df9202f3dde913070d31699fad",
                "sha256:801dea18fe5046b57c26e87aa5c7ca0d1b8590cdc0e4e84158d07cdfa6628cdb"
            ],
            "version": "==0.0.3"
        },
        "tornado": {
            "hashes": [
                "sha256:1bd19ca6c16882e4d37368e0152f99c099bad93e0950ce55e71daed74045908f",
                "sha256:22d3c2fa10b5793da13c807e6fc38ff49a4f6e1e3868b0a6f4164768bb8e20f5",
                "sha256:502fba735c84450974fec147340016ad928d29f1e91f49be168c0a4c18181e1d",
                "sha256:65ceca9500383fbdf33a98c0087cb975b2ef3bfb874cb35b8de8740cf7f41bd3",
                "sha256:71a8db65160a3c55d61839b7302a9a400074c9c753040455494e2af74e2501f2",
                "sha256:7ac51f42808cca9b3613f51ffe2a965c8525cb1b00b7b2d56828b8045354f76a",
                "sha256:7d01abc57ea0dbb51ddfed477dfe22719d376119844e33c661d873bf9c0e4a16",
                "sha256:805d507b1f588320c26f7f097108eb4023bbaa984d63176d1652e184ba24270a",
                "sha256:9dc4444c0defcd3929d5c1eb5706cbe1b116e762ff3e0deca8b715d14bf6ec17",
                "sha256:ceb917a50cd35882b57600709dd5421a418c29ddc852da8bcdab1f0db33406b0",
                "sha256:e7d8db41c0181c80d76c982aacc442c0783a2c54d6400fe028954201a2e032fe"
            ],
            "markers": "python_version >= '3.8'",
            "version": "==6.3.3"
        },
        "tqdm": {
            "hashes": [
                "sha256:d302b3c5b53d47bce91fea46679d9c3c6508cf6332229aa1e7d8653723793386",
                "sha256:d88e651f9db8d8551a62556d3cff9e3034274ca5d66e93197cf2490e2dcb69c7"
            ],
            "index": "pypi",
            "version": "==4.66.1"
        },
        "ua-parser": {
            "hashes": [
                "sha256:9d94ac3a80bcb0166823956a779186c746b50ea4c9fd9bf30fdb758553c38950",
                "sha256:db51f1b59bfaa82ed9e2a1d99a54d3e4153dddf99ac1435d51828165422e624e"
            ],
            "version": "==0.18.0"
        },
        "urllib3": {
            "hashes": [
                "sha256:8d22f86aae8ef5e410d4f539fde9ce6b2113a001bb4d189e0aed70642d602b11",
                "sha256:de7df1803967d2c2a98e4b11bb7d6bd9210474c46e8a0401514e3a42a75ebde4"
            ],
            "markers": "python_version >= '3.7'",
            "version": "==2.0.4"
        },
        "user-agents": {
            "hashes": [
                "sha256:a98c4dc72ecbc64812c4534108806fb0a0b3a11ec3fd1eafe807cee5b0a942e7",
                "sha256:d36d25178db65308d1458c5fa4ab39c9b2619377010130329f3955e7626ead26"
            ],
            "version": "==2.2.0"
        },
        "win32-setctime": {
            "hashes": [
                "sha256:15cf5750465118d6929ae4de4eb46e8edae9a5634350c01ba582df868e932cb2",
                "sha256:231db239e959c2fe7eb1d7dc129f11172354f98361c4fa2d6d2d7e278baa8aad"
            ],
            "markers": "sys_platform == 'win32'",
            "version": "==1.1.0"
        }
    },
    "develop": {}
}
